
Microsoft Visual Studio Solution File, Format Version 12.00
# Visual Studio Version 16
VisualStudioVersion = 16.0.31410.357
MinimumVisualStudioVersion = 10.0.40219.1
Project("{8BC9CEB8-8B4A-11D0-8D11-00A0C91BC942}") = "4_1", "4_1\4_1.vcxproj", "{480F6B39-D289-4A40-B225-7821F3AFFCE5}"
EndProject
Project("{8BC9CEB8-8B4A-11D0-8D11-00A0C91BC942}") = "4_2", "4_2\4_2.vcxproj", "{54AAD74E-0452-4DE3-AB1E-0D025F24E4B2}"
EndProject
Project("{8BC9CEB8-8B4A-11D0-8D11-00A0C91BC942}") = "4_3", "4_3\4_3.vcxproj", "{7374159E-BF0A-4F68-A105-4F8058E8CD05}"
EndProject
Project("{8BC9CEB8-8B4A-11D0-8D11-00A0C91BC942}") = "4_4", "4_4\4_4.vcxproj", "{4F72BB12-2CB7-4792-AF11-C457271D1923}"
EndProject
Project("{8BC9CEB8-8B4A-11D0-8D11-00A0C91BC942}") = "4_5", "4_5\4_5.vcxproj", "{2E90E144-7574-43E9-866B-46B23F1A83FB}"
EndProject
Project("{8BC9CEB8-8B4A-11D0-8D11-00A0C91BC942}") = "4_6", "4_6\4_6.vcxproj", "{19E50D29-07E4-4367-8195-6D59B3C8066E}"
EndProject
Project("{8BC9CEB8-8B4A-11D0-8D11-00A0C91BC942}") = "4_7", "4_7\4_7.vcxproj", "{FC41D5CA-6973-49FA-B22D-251B4870DC51}"
EndProject
Project("{8BC9CEB8-8B4A-11D0-8D11-00A0C91BC942}") = "4_8", "4_8\4_8.vcxproj", "{1BD6C065-ECA6-4B0F-AA4A-248EE202A812}"
EndProject
Project("{8BC9CEB8-8B4A-11D0-8D11-00A0C91BC942}") = "4_9", "4_9\4_9.vcxproj", "{32D46149-1301-4AED-9C2B-AC2A1B5A8E82}"
EndProject
Project("{8BC9CEB8-8B4A-11D0-8D11-00A0C91BC942}") = "4_10", "4_10\4_10.vcxproj", "{EDB60001-88AE-466F-94B4-47786238A6F5}"
EndProject
Project("{8BC9CEB8-8B4A-11D0-8D11-00A0C91BC942}") = "4_11", "4_11\4_11.vcxproj", "{A99550F0-8CB6-455F-A5D4-3D5A421830BA}"
EndProject
Project("{8BC9CEB8-8B4A-11D0-8D11-00A0C91BC942}") = "4_12", "4_12\4_12.vcxproj", "{43124240-046A-4311-AC42-55B8E344B8F3}"
EndProject
Global
	GlobalSection(SolutionConfigurationPlatforms) = preSolution
		Debug|x64 = Debug|x64
		Debug|x86 = Debug|x86
		Release|x64 = Release|x64
		Release|x86 = Release|x86
	EndGlobalSection
	GlobalSection(ProjectConfigurationPlatforms) = postSolution
		{480F6B39-D289-4A40-B225-7821F3AFFCE5}.Debug|x64.ActiveCfg = Debug|x64
		{480F6B39-D289-4A40-B225-7821F3AFFCE5}.Debug|x64.Build.0 = Debug|x64
		{480F6B39-D289-4A40-B225-7821F3AFFCE5}.Debug|x86.ActiveCfg = Debug|Win32
		{480F6B39-D289-4A40-B225-7821F3AFFCE5}.Debug|x86.Build.0 = Debug|Win32
		{480F6B39-D289-4A40-B225-7821F3AFFCE5}.Release|x64.ActiveCfg = Release|x64
		{480F6B39-D289-4A40-B225-7821F3AFFCE5}.Release|x64.Build.0 = Release|x64
		{480F6B39-D289-4A40-B225-7821F3AFFCE5}.Release|x86.ActiveCfg = Release|Win32
		{480F6B39-D289-4A40-B225-7821F3AFFCE5}.Release|x86.Build.0 = Release|Win32
		{54AAD74E-0452-4DE3-AB1E-0D025F24E4B2}.Debug|x64.ActiveCfg = Debug|x64
		{54AAD74E-0452-4DE3-AB1E-0D025F24E4B2}.Debug|x64.Build.0 = Debug|x64
		{54AAD74E-0452-4DE3-AB1E-0D025F24E4B2}.Debug|x86.ActiveCfg = Debug|Win32
		{54AAD74E-0452-4DE3-AB1E-0D025F24E4B2}.Debug|x86.Build.0 = Debug|Win32
		{54AAD74E-0452-4DE3-AB1E-0D025F24E4B2}.Release|x64.ActiveCfg = Release|x64
		{54AAD74E-0452-4DE3-AB1E-0D025F24E4B2}.Release|x64.Build.0 = Release|x64
		{54AAD74E-0452-4DE3-AB1E-0D025F24E4B2}.Release|x86.ActiveCfg = Release|Win32
		{54AAD74E-0452-4DE3-AB1E-0D025F24E4B2}.Release|x86.Build.0 = Release|Win32
		{7374159E-BF0A-4F68-A105-4F8058E8CD05}.Debug|x64.ActiveCfg = Debug|x64
		{7374159E-BF0A-4F68-A105-4F8058E8CD05}.Debug|x64.Build.0 = Debug|x64
		{7374159E-BF0A-4F68-A105-4F8058E8CD05}.Debug|x86.ActiveCfg = Debug|Win32
		{7374159E-BF0A-4F68-A105-4F8058E8CD05}.Debug|x86.Build.0 = Debug|Win32
		{7374159E-BF0A-4F68-A105-4F8058E8CD05}.Release|x64.ActiveCfg = Release|x64
		{7374159E-BF0A-4F68-A105-4F8058E8CD05}.Release|x64.Build.0 = Release|x64
		{7374159E-BF0A-4F68-A105-4F8058E8CD05}.Release|x86.ActiveCfg = Release|Win32
		{7374159E-BF0A-4F68-A105-4F8058E8CD05}.Release|x86.Build.0 = Release|Win32
		{4F72BB12-2CB7-4792-AF11-C457271D1923}.Debug|x64.ActiveCfg = Debug|x64
		{4F72BB12-2CB7-4792-AF11-C457271D1923}.Debug|x64.Build.0 = Debug|x64
		{4F72BB12-2CB7-4792-AF11-C457271D1923}.Debug|x86.ActiveCfg = Debug|Win32
		{4F72BB12-2CB7-4792-AF11-C457271D1923}.Debug|x86.Build.0 = Debug|Win32
		{4F72BB12-2CB7-4792-AF11-C457271D1923}.Release|x64.ActiveCfg = Release|x64
		{4F72BB12-2CB7-4792-AF11-C457271D1923}.Release|x64.Build.0 = Release|x64
		{4F72BB12-2CB7-4792-AF11-C457271D1923}.Release|x86.ActiveCfg = Release|Win32
		{4F72BB12-2CB7-4792-AF11-C457271D1923}.Release|x86.Build.0 = Release|Win32
		{2E90E144-7574-43E9-866B-46B23F1A83FB}.Debug|x64.ActiveCfg = Debug|x64
		{2E90E144-7574-43E9-866B-46B23F1A83FB}.Debug|x64.Build.0 = Debug|x64
		{2E90E144-7574-43E9-866B-46B23F1A83FB}.Debug|x86.ActiveCfg = Debug|Win32
		{2E90E144-7574-43E9-866B-46B23F1A83FB}.Debug|x86.Build.0 = Debug|Win32
		{2E90E144-7574-43E9-866B-46B23F1A83FB}.Release|x64.ActiveCfg = Release|x64
		{2E90E144-7574-43E9-866B-46B23F1A83FB}.Release|x64.Build.0 = Release|x64
		{2E90E144-7574-43E9-866B-46B23F1A83FB}.Release|x86.ActiveCfg = Release|Win32
		{2E90E144-7574-43E9-866B-46B23F1A83FB}.Release|x86.Build.0 = Release|Win32
		{19E50D29-07E4-4367-8195-6D59B3C8066E}.Debug|x64.ActiveCfg = Debug|x64
		{19E50D29-07E4-4367-8195-6D59B3C8066E}.Debug|x64.Build.0 = Debug|x64
		{19E50D29-07E4-4367-8195-6D59B3C8066E}.Debug|x86.ActiveCfg = Debug|Win32
		{19E50D29-07E4-4367-8195-6D59B3C8066E}.Debug|x86.Build.0 = Debug|Win32
		{19E50D29-07E4-4367-8195-6D59B3C8066E}.Release|x64.ActiveCfg = Release|x64
		{19E50D29-07E4-4367-8195-6D59B3C8066E}.Release|x64.Build.0 = Release|x64
		{19E50D29-07E4-4367-8195-6D59B3C8066E}.Release|x86.ActiveCfg = Release|Win32
		{19E50D29-07E4-4367-8195-6D59B3C8066E}.Release|x86.Build.0 = Release|Win32
		{FC41D5CA-6973-49FA-B22D-251B4870DC51}.Debug|x64.ActiveCfg = Debug|x64
		{FC41D5CA-6973-49FA-B22D-251B4870DC51}.Debug|x64.Build.0 = Debug|x64
		{FC41D5CA-6973-49FA-B22D-251B4870DC51}.Debug|x86.ActiveCfg = Debug|Win32
		{FC41D5CA-6973-49FA-B22D-251B4870DC51}.Debug|x86.Build.0 = Debug|Win32
		{FC41D5CA-6973-49FA-B22D-251B4870DC51}.Release|x64.ActiveCfg = Release|x64
		{FC41D5CA-6973-49FA-B22D-251B4870DC51}.Release|x64.Build.0 = Release|x64
		{FC41D5CA-6973-49FA-B22D-251B4870DC51}.Release|x86.ActiveCfg = Release|Win32
		{FC41D5CA-6973-49FA-B22D-251B4870DC51}.Release|x86.Build.0 = Release|Win32
		{1BD6C065-ECA6-4B0F-AA4A-248EE202A812}.Debug|x64.ActiveCfg = Debug|x64
		{1BD6C065-ECA6-4B0F-AA4A-248EE202A812}.Debug|x64.Build.0 = Debug|x64
		{1BD6C065-ECA6-4B0F-AA4A-248EE202A812}.Debug|x86.ActiveCfg = Debug|Win32
		{1BD6C065-ECA6-4B0F-AA4A-248EE202A812}.Debug|x86.Build.0 = Debug|Win32
		{1BD6C065-ECA6-4B0F-AA4A-248EE202A812}.Release|x64.ActiveCfg = Release|x64
		{1BD6C065-ECA6-4B0F-AA4A-248EE202A812}.Release|x64.Build.0 = Release|x64
		{1BD6C065-ECA6-4B0F-AA4A-248EE202A812}.Release|x86.ActiveCfg = Release|Win32
		{1BD6C065-ECA6-4B0F-AA4A-248EE202A812}.Release|x86.Build.0 = Release|Win32
		{32D46149-1301-4AED-9C2B-AC2A1B5A8E82}.Debug|x64.ActiveCfg = Debug|x64
		{32D46149-1301-4AED-9C2B-AC2A1B5A8E82}.Debug|x64.Build.0 = Debug|x64
		{32D46149-1301-4AED-9C2B-AC2A1B5A8E82}.Debug|x86.ActiveCfg = Debug|Win32
		{32D46149-1301-4AED-9C2B-AC2A1B5A8E82}.Debug|x86.Build.0 = Debug|Win32
		{32D46149-1301-4AED-9C2B-AC2A1B5A8E82}.Release|x64.ActiveCfg = Release|x64
		{32D46149-1301-4AED-9C2B-AC2A1B5A8E82}.Release|x64.Build.0 = Release|x64
		{32D46149-1301-4AED-9C2B-AC2A1B5A8E82}.Release|x86.ActiveCfg = Release|Win32
		{32D46149-1301-4AED-9C2B-AC2A1B5A8E82}.Release|x86.Build.0 = Release|Win32
		{EDB60001-88AE-466F-94B4-47786238A6F5}.Debug|x64.ActiveCfg = Debug|x64
		{EDB60001-88AE-466F-94B4-47786238A6F5}.Debug|x64.Build.0 = Debug|x64
		{EDB60001-88AE-466F-94B4-47786238A6F5}.Debug|x86.ActiveCfg = Debug|Win32
		{EDB60001-88AE-466F-94B4-47786238A6F5}.Debug|x86.Build.0 = Debug|Win32
		{EDB60001-88AE-466F-94B4-47786238A6F5}.Release|x64.ActiveCfg = Release|x64
		{EDB60001-88AE-466F-94B4-47786238A6F5}.Release|x64.Build.0 = Release|x64
		{EDB60001-88AE-466F-94B4-47786238A6F5}.Release|x86.ActiveCfg = Release|Win32
		{EDB60001-88AE-466F-94B4-47786238A6F5}.Release|x86.Build.0 = Release|Win32
		{A99550F0-8CB6-455F-A5D4-3D5A421830BA}.Debug|x64.ActiveCfg = Debug|x64
		{A99550F0-8CB6-455F-A5D4-3D5A421830BA}.Debug|x64.Build.0 = Debug|x64
		{A99550F0-8CB6-455F-A5D4-3D5A421830BA}.Debug|x86.ActiveCfg = Debug|Win32
		{A99550F0-8CB6-455F-A5D4-3D5A421830BA}.Debug|x86.Build.0 = Debug|Win32
		{A99550F0-8CB6-455F-A5D4-3D5A421830BA}.Release|x64.ActiveCfg = Release|x64
		{A99550F0-8CB6-455F-A5D4-3D5A421830BA}.Release|x64.Build.0 = Release|x64
		{A99550F0-8CB6-455F-A5D4-3D5A421830BA}.Release|x86.ActiveCfg = Release|Win32
		{A99550F0-8CB6-455F-A5D4-3D5A421830BA}.Release|x86.Build.0 = Release|Win32
		{43124240-046A-4311-AC42-55B8E344B8F3}.Debug|x64.ActiveCfg = Debug|x64
		{43124240-046A-4311-AC42-55B8E344B8F3}.Debug|x64.Build.0 = Debug|x64
		{43124240-046A-4311-AC42-55B8E344B8F3}.Debug|x86.ActiveCfg = Debug|Win32
		{43124240-046A-4311-AC42-55B8E344B8F3}.Debug|x86.Build.0 = Debug|Win32
		{43124240-046A-4311-AC42-55B8E344B8F3}.Release|x64.ActiveCfg = Release|x64
		{43124240-046A-4311-AC42-55B8E344B8F3}.Release|x64.Build.0 = Release|x64
		{43124240-046A-4311-AC42-55B8E344B8F3}.Release|x86.ActiveCfg = Release|Win32
		{43124240-046A-4311-AC42-55B8E344B8F3}.Release|x86.Build.0 = Release|Win32
	EndGlobalSection
	GlobalSection(SolutionProperties) = preSolution
		HideSolutionNode = FALSE
	EndGlobalSection
	GlobalSection(ExtensibilityGlobals) = postSolution
		SolutionGuid = {D631A07F-BCD8-4A12-ACE6-D5BB3C5F4244}
	EndGlobalSection
EndGlobal
