
Microsoft Visual Studio Solution File, Format Version 12.00
# Visual Studio Version 16
VisualStudioVersion = 16.0.31410.357
MinimumVisualStudioVersion = 10.0.40219.1
Project("{8BC9CEB8-8B4A-11D0-8D11-00A0C91BC942}") = "8_1", "8_1\8_1.vcxproj", "{4813339D-6F35-480F-AF3B-4E9E56D74045}"
EndProject
Project("{8BC9CEB8-8B4A-11D0-8D11-00A0C91BC942}") = "8_2", "8_2\8_2.vcxproj", "{D032EE7E-C078-4A2B-B007-B2BE36DDA2A8}"
EndProject
Project("{8BC9CEB8-8B4A-11D0-8D11-00A0C91BC942}") = "8_3", "8_3\8_3.vcxproj", "{992AE7E0-1F12-4062-AA18-422BE605A79E}"
EndProject
Project("{8BC9CEB8-8B4A-11D0-8D11-00A0C91BC942}") = "8_4", "8_4\8_4.vcxproj", "{41E8F506-FB80-48BF-8441-671EA34947A8}"
EndProject
Project("{8BC9CEB8-8B4A-11D0-8D11-00A0C91BC942}") = "8_5", "8_5\8_5.vcxproj", "{0BA958A7-C1D7-473F-BE79-67B694F9D3F3}"
EndProject
Project("{8BC9CEB8-8B4A-11D0-8D11-00A0C91BC942}") = "8_6", "8_6\8_6.vcxproj", "{9027BD30-09DB-402D-A7C9-6801A1FC9AD4}"
EndProject
Global
	GlobalSection(SolutionConfigurationPlatforms) = preSolution
		Debug|x64 = Debug|x64
		Debug|x86 = Debug|x86
		Release|x64 = Release|x64
		Release|x86 = Release|x86
	EndGlobalSection
	GlobalSection(ProjectConfigurationPlatforms) = postSolution
		{4813339D-6F35-480F-AF3B-4E9E56D74045}.Debug|x64.ActiveCfg = Debug|x64
		{4813339D-6F35-480F-AF3B-4E9E56D74045}.Debug|x64.Build.0 = Debug|x64
		{4813339D-6F35-480F-AF3B-4E9E56D74045}.Debug|x86.ActiveCfg = Debug|Win32
		{4813339D-6F35-480F-AF3B-4E9E56D74045}.Debug|x86.Build.0 = Debug|Win32
		{4813339D-6F35-480F-AF3B-4E9E56D74045}.Release|x64.ActiveCfg = Release|x64
		{4813339D-6F35-480F-AF3B-4E9E56D74045}.Release|x64.Build.0 = Release|x64
		{4813339D-6F35-480F-AF3B-4E9E56D74045}.Release|x86.ActiveCfg = Release|Win32
		{4813339D-6F35-480F-AF3B-4E9E56D74045}.Release|x86.Build.0 = Release|Win32
		{D032EE7E-C078-4A2B-B007-B2BE36DDA2A8}.Debug|x64.ActiveCfg = Debug|x64
		{D032EE7E-C078-4A2B-B007-B2BE36DDA2A8}.Debug|x64.Build.0 = Debug|x64
		{D032EE7E-C078-4A2B-B007-B2BE36DDA2A8}.Debug|x86.ActiveCfg = Debug|Win32
		{D032EE7E-C078-4A2B-B007-B2BE36DDA2A8}.Debug|x86.Build.0 = Debug|Win32
		{D032EE7E-C078-4A2B-B007-B2BE36DDA2A8}.Release|x64.ActiveCfg = Release|x64
		{D032EE7E-C078-4A2B-B007-B2BE36DDA2A8}.Release|x64.Build.0 = Release|x64
		{D032EE7E-C078-4A2B-B007-B2BE36DDA2A8}.Release|x86.ActiveCfg = Release|Win32
		{D032EE7E-C078-4A2B-B007-B2BE36DDA2A8}.Release|x86.Build.0 = Release|Win32
		{992AE7E0-1F12-4062-AA18-422BE605A79E}.Debug|x64.ActiveCfg = Debug|x64
		{992AE7E0-1F12-4062-AA18-422BE605A79E}.Debug|x64.Build.0 = Debug|x64
		{992AE7E0-1F12-4062-AA18-422BE605A79E}.Debug|x86.ActiveCfg = Debug|Win32
		{992AE7E0-1F12-4062-AA18-422BE605A79E}.Debug|x86.Build.0 = Debug|Win32
		{992AE7E0-1F12-4062-AA18-422BE605A79E}.Release|x64.ActiveCfg = Release|x64
		{992AE7E0-1F12-4062-AA18-422BE605A79E}.Release|x64.Build.0 = Release|x64
		{992AE7E0-1F12-4062-AA18-422BE605A79E}.Release|x86.ActiveCfg = Release|Win32
		{992AE7E0-1F12-4062-AA18-422BE605A79E}.Release|x86.Build.0 = Release|Win32
		{41E8F506-FB80-48BF-8441-671EA34947A8}.Debug|x64.ActiveCfg = Debug|x64
		{41E8F506-FB80-48BF-8441-671EA34947A8}.Debug|x64.Build.0 = Debug|x64
		{41E8F506-FB80-48BF-8441-671EA34947A8}.Debug|x86.ActiveCfg = Debug|Win32
		{41E8F506-FB80-48BF-8441-671EA34947A8}.Debug|x86.Build.0 = Debug|Win32
		{41E8F506-FB80-48BF-8441-671EA34947A8}.Release|x64.ActiveCfg = Release|x64
		{41E8F506-FB80-48BF-8441-671EA34947A8}.Release|x64.Build.0 = Release|x64
		{41E8F506-FB80-48BF-8441-671EA34947A8}.Release|x86.ActiveCfg = Release|Win32
		{41E8F506-FB80-48BF-8441-671EA34947A8}.Release|x86.Build.0 = Release|Win32
		{0BA958A7-C1D7-473F-BE79-67B694F9D3F3}.Debug|x64.ActiveCfg = Debug|x64
		{0BA958A7-C1D7-473F-BE79-67B694F9D3F3}.Debug|x64.Build.0 = Debug|x64
		{0BA958A7-C1D7-473F-BE79-67B694F9D3F3}.Debug|x86.ActiveCfg = Debug|Win32
		{0BA958A7-C1D7-473F-BE79-67B694F9D3F3}.Debug|x86.Build.0 = Debug|Win32
		{0BA958A7-C1D7-473F-BE79-67B694F9D3F3}.Release|x64.ActiveCfg = Release|x64
		{0BA958A7-C1D7-473F-BE79-67B694F9D3F3}.Release|x64.Build.0 = Release|x64
		{0BA958A7-C1D7-473F-BE79-67B694F9D3F3}.Release|x86.ActiveCfg = Release|Win32
		{0BA958A7-C1D7-473F-BE79-67B694F9D3F3}.Release|x86.Build.0 = Release|Win32
		{9027BD30-09DB-402D-A7C9-6801A1FC9AD4}.Debug|x64.ActiveCfg = Debug|x64
		{9027BD30-09DB-402D-A7C9-6801A1FC9AD4}.Debug|x64.Build.0 = Debug|x64
		{9027BD30-09DB-402D-A7C9-6801A1FC9AD4}.Debug|x86.ActiveCfg = Debug|Win32
		{9027BD30-09DB-402D-A7C9-6801A1FC9AD4}.Debug|x86.Build.0 = Debug|Win32
		{9027BD30-09DB-402D-A7C9-6801A1FC9AD4}.Release|x64.ActiveCfg = Release|x64
		{9027BD30-09DB-402D-A7C9-6801A1FC9AD4}.Release|x64.Build.0 = Release|x64
		{9027BD30-09DB-402D-A7C9-6801A1FC9AD4}.Release|x86.ActiveCfg = Release|Win32
		{9027BD30-09DB-402D-A7C9-6801A1FC9AD4}.Release|x86.Build.0 = Release|Win32
	EndGlobalSection
	GlobalSection(SolutionProperties) = preSolution
		HideSolutionNode = FALSE
	EndGlobalSection
	GlobalSection(ExtensibilityGlobals) = postSolution
		SolutionGuid = {3D4AFB15-F5CA-4489-AFC6-8D46C0455E05}
	EndGlobalSection
EndGlobal
