
Microsoft Visual Studio Solution File, Format Version 12.00
# Visual Studio Version 16
VisualStudioVersion = 16.0.31410.357
MinimumVisualStudioVersion = 10.0.40219.1
Project("{8BC9CEB8-8B4A-11D0-8D11-00A0C91BC942}") = "6_1", "6_1\6_1.vcxproj", "{32232559-9EAA-46FD-8562-C2B44C539013}"
EndProject
Project("{8BC9CEB8-8B4A-11D0-8D11-00A0C91BC942}") = "6_2", "6_2\6_2.vcxproj", "{7DD12020-5E45-4E66-B62D-379F7EB650E7}"
EndProject
Project("{8BC9CEB8-8B4A-11D0-8D11-00A0C91BC942}") = "6_3", "6_3\6_3.vcxproj", "{B7AD29A7-5238-4A0B-95C4-1E472ACD3BB9}"
EndProject
Project("{8BC9CEB8-8B4A-11D0-8D11-00A0C91BC942}") = "6_4", "6_4\6_4.vcxproj", "{58550FE9-AD32-462E-8929-8924FB4A9A30}"
EndProject
Project("{8BC9CEB8-8B4A-11D0-8D11-00A0C91BC942}") = "6_5", "6_5\6_5.vcxproj", "{F0F3232F-914B-49DF-8AE9-BA7657AB9B83}"
EndProject
Project("{8BC9CEB8-8B4A-11D0-8D11-00A0C91BC942}") = "6_6", "6_6\6_6.vcxproj", "{F81C768B-2603-4ACF-AF23-42D0E5C686B1}"
EndProject
Project("{8BC9CEB8-8B4A-11D0-8D11-00A0C91BC942}") = "6_7", "6_7\6_7.vcxproj", "{86D8D62D-0EC9-4128-B449-B44E34A69587}"
EndProject
Project("{8BC9CEB8-8B4A-11D0-8D11-00A0C91BC942}") = "6_8", "6_8\6_8.vcxproj", "{6DDA49D6-DF60-4721-A251-0AEA80615FC6}"
EndProject
Project("{8BC9CEB8-8B4A-11D0-8D11-00A0C91BC942}") = "6_9", "6_9\6_9.vcxproj", "{F5490ED4-9ED3-4DD8-B225-B02EA854D17C}"
EndProject
Project("{8BC9CEB8-8B4A-11D0-8D11-00A0C91BC942}") = "6_10", "6_10\6_10.vcxproj", "{7F893FF2-16FD-4E54-BA4F-BA98C36E7360}"
EndProject
Project("{8BC9CEB8-8B4A-11D0-8D11-00A0C91BC942}") = "6_11", "6_11\6_11.vcxproj", "{6BC0E82F-2414-4455-A283-41A5D3F522E8}"
EndProject
Project("{8BC9CEB8-8B4A-11D0-8D11-00A0C91BC942}") = "6_12", "6_12\6_12.vcxproj", "{20D52D58-A6B4-4AED-AC37-F8227DEEEBEB}"
EndProject
Global
	GlobalSection(SolutionConfigurationPlatforms) = preSolution
		Debug|x64 = Debug|x64
		Debug|x86 = Debug|x86
		Release|x64 = Release|x64
		Release|x86 = Release|x86
	EndGlobalSection
	GlobalSection(ProjectConfigurationPlatforms) = postSolution
		{32232559-9EAA-46FD-8562-C2B44C539013}.Debug|x64.ActiveCfg = Debug|x64
		{32232559-9EAA-46FD-8562-C2B44C539013}.Debug|x64.Build.0 = Debug|x64
		{32232559-9EAA-46FD-8562-C2B44C539013}.Debug|x86.ActiveCfg = Debug|Win32
		{32232559-9EAA-46FD-8562-C2B44C539013}.Debug|x86.Build.0 = Debug|Win32
		{32232559-9EAA-46FD-8562-C2B44C539013}.Release|x64.ActiveCfg = Release|x64
		{32232559-9EAA-46FD-8562-C2B44C539013}.Release|x64.Build.0 = Release|x64
		{32232559-9EAA-46FD-8562-C2B44C539013}.Release|x86.ActiveCfg = Release|Win32
		{32232559-9EAA-46FD-8562-C2B44C539013}.Release|x86.Build.0 = Release|Win32
		{7DD12020-5E45-4E66-B62D-379F7EB650E7}.Debug|x64.ActiveCfg = Debug|x64
		{7DD12020-5E45-4E66-B62D-379F7EB650E7}.Debug|x64.Build.0 = Debug|x64
		{7DD12020-5E45-4E66-B62D-379F7EB650E7}.Debug|x86.ActiveCfg = Debug|Win32
		{7DD12020-5E45-4E66-B62D-379F7EB650E7}.Debug|x86.Build.0 = Debug|Win32
		{7DD12020-5E45-4E66-B62D-379F7EB650E7}.Release|x64.ActiveCfg = Release|x64
		{7DD12020-5E45-4E66-B62D-379F7EB650E7}.Release|x64.Build.0 = Release|x64
		{7DD12020-5E45-4E66-B62D-379F7EB650E7}.Release|x86.ActiveCfg = Release|Win32
		{7DD12020-5E45-4E66-B62D-379F7EB650E7}.Release|x86.Build.0 = Release|Win32
		{B7AD29A7-5238-4A0B-95C4-1E472ACD3BB9}.Debug|x64.ActiveCfg = Debug|x64
		{B7AD29A7-5238-4A0B-95C4-1E472ACD3BB9}.Debug|x64.Build.0 = Debug|x64
		{B7AD29A7-5238-4A0B-95C4-1E472ACD3BB9}.Debug|x86.ActiveCfg = Debug|Win32
		{B7AD29A7-5238-4A0B-95C4-1E472ACD3BB9}.Debug|x86.Build.0 = Debug|Win32
		{B7AD29A7-5238-4A0B-95C4-1E472ACD3BB9}.Release|x64.ActiveCfg = Release|x64
		{B7AD29A7-5238-4A0B-95C4-1E472ACD3BB9}.Release|x64.Build.0 = Release|x64
		{B7AD29A7-5238-4A0B-95C4-1E472ACD3BB9}.Release|x86.ActiveCfg = Release|Win32
		{B7AD29A7-5238-4A0B-95C4-1E472ACD3BB9}.Release|x86.Build.0 = Release|Win32
		{58550FE9-AD32-462E-8929-8924FB4A9A30}.Debug|x64.ActiveCfg = Debug|x64
		{58550FE9-AD32-462E-8929-8924FB4A9A30}.Debug|x64.Build.0 = Debug|x64
		{58550FE9-AD32-462E-8929-8924FB4A9A30}.Debug|x86.ActiveCfg = Debug|Win32
		{58550FE9-AD32-462E-8929-8924FB4A9A30}.Debug|x86.Build.0 = Debug|Win32
		{58550FE9-AD32-462E-8929-8924FB4A9A30}.Release|x64.ActiveCfg = Release|x64
		{58550FE9-AD32-462E-8929-8924FB4A9A30}.Release|x64.Build.0 = Release|x64
		{58550FE9-AD32-462E-8929-8924FB4A9A30}.Release|x86.ActiveCfg = Release|Win32
		{58550FE9-AD32-462E-8929-8924FB4A9A30}.Release|x86.Build.0 = Release|Win32
		{F0F3232F-914B-49DF-8AE9-BA7657AB9B83}.Debug|x64.ActiveCfg = Debug|x64
		{F0F3232F-914B-49DF-8AE9-BA7657AB9B83}.Debug|x64.Build.0 = Debug|x64
		{F0F3232F-914B-49DF-8AE9-BA7657AB9B83}.Debug|x86.ActiveCfg = Debug|Win32
		{F0F3232F-914B-49DF-8AE9-BA7657AB9B83}.Debug|x86.Build.0 = Debug|Win32
		{F0F3232F-914B-49DF-8AE9-BA7657AB9B83}.Release|x64.ActiveCfg = Release|x64
		{F0F3232F-914B-49DF-8AE9-BA7657AB9B83}.Release|x64.Build.0 = Release|x64
		{F0F3232F-914B-49DF-8AE9-BA7657AB9B83}.Release|x86.ActiveCfg = Release|Win32
		{F0F3232F-914B-49DF-8AE9-BA7657AB9B83}.Release|x86.Build.0 = Release|Win32
		{F81C768B-2603-4ACF-AF23-42D0E5C686B1}.Debug|x64.ActiveCfg = Debug|x64
		{F81C768B-2603-4ACF-AF23-42D0E5C686B1}.Debug|x64.Build.0 = Debug|x64
		{F81C768B-2603-4ACF-AF23-42D0E5C686B1}.Debug|x86.ActiveCfg = Debug|Win32
		{F81C768B-2603-4ACF-AF23-42D0E5C686B1}.Debug|x86.Build.0 = Debug|Win32
		{F81C768B-2603-4ACF-AF23-42D0E5C686B1}.Release|x64.ActiveCfg = Release|x64
		{F81C768B-2603-4ACF-AF23-42D0E5C686B1}.Release|x64.Build.0 = Release|x64
		{F81C768B-2603-4ACF-AF23-42D0E5C686B1}.Release|x86.ActiveCfg = Release|Win32
		{F81C768B-2603-4ACF-AF23-42D0E5C686B1}.Release|x86.Build.0 = Release|Win32
		{86D8D62D-0EC9-4128-B449-B44E34A69587}.Debug|x64.ActiveCfg = Debug|x64
		{86D8D62D-0EC9-4128-B449-B44E34A69587}.Debug|x64.Build.0 = Debug|x64
		{86D8D62D-0EC9-4128-B449-B44E34A69587}.Debug|x86.ActiveCfg = Debug|Win32
		{86D8D62D-0EC9-4128-B449-B44E34A69587}.Debug|x86.Build.0 = Debug|Win32
		{86D8D62D-0EC9-4128-B449-B44E34A69587}.Release|x64.ActiveCfg = Release|x64
		{86D8D62D-0EC9-4128-B449-B44E34A69587}.Release|x64.Build.0 = Release|x64
		{86D8D62D-0EC9-4128-B449-B44E34A69587}.Release|x86.ActiveCfg = Release|Win32
		{86D8D62D-0EC9-4128-B449-B44E34A69587}.Release|x86.Build.0 = Release|Win32
		{6DDA49D6-DF60-4721-A251-0AEA80615FC6}.Debug|x64.ActiveCfg = Debug|x64
		{6DDA49D6-DF60-4721-A251-0AEA80615FC6}.Debug|x64.Build.0 = Debug|x64
		{6DDA49D6-DF60-4721-A251-0AEA80615FC6}.Debug|x86.ActiveCfg = Debug|Win32
		{6DDA49D6-DF60-4721-A251-0AEA80615FC6}.Debug|x86.Build.0 = Debug|Win32
		{6DDA49D6-DF60-4721-A251-0AEA80615FC6}.Release|x64.ActiveCfg = Release|x64
		{6DDA49D6-DF60-4721-A251-0AEA80615FC6}.Release|x64.Build.0 = Release|x64
		{6DDA49D6-DF60-4721-A251-0AEA80615FC6}.Release|x86.ActiveCfg = Release|Win32
		{6DDA49D6-DF60-4721-A251-0AEA80615FC6}.Release|x86.Build.0 = Release|Win32
		{F5490ED4-9ED3-4DD8-B225-B02EA854D17C}.Debug|x64.ActiveCfg = Debug|x64
		{F5490ED4-9ED3-4DD8-B225-B02EA854D17C}.Debug|x64.Build.0 = Debug|x64
		{F5490ED4-9ED3-4DD8-B225-B02EA854D17C}.Debug|x86.ActiveCfg = Debug|Win32
		{F5490ED4-9ED3-4DD8-B225-B02EA854D17C}.Debug|x86.Build.0 = Debug|Win32
		{F5490ED4-9ED3-4DD8-B225-B02EA854D17C}.Release|x64.ActiveCfg = Release|x64
		{F5490ED4-9ED3-4DD8-B225-B02EA854D17C}.Release|x64.Build.0 = Release|x64
		{F5490ED4-9ED3-4DD8-B225-B02EA854D17C}.Release|x86.ActiveCfg = Release|Win32
		{F5490ED4-9ED3-4DD8-B225-B02EA854D17C}.Release|x86.Build.0 = Release|Win32
		{7F893FF2-16FD-4E54-BA4F-BA98C36E7360}.Debug|x64.ActiveCfg = Debug|x64
		{7F893FF2-16FD-4E54-BA4F-BA98C36E7360}.Debug|x64.Build.0 = Debug|x64
		{7F893FF2-16FD-4E54-BA4F-BA98C36E7360}.Debug|x86.ActiveCfg = Debug|Win32
		{7F893FF2-16FD-4E54-BA4F-BA98C36E7360}.Debug|x86.Build.0 = Debug|Win32
		{7F893FF2-16FD-4E54-BA4F-BA98C36E7360}.Release|x64.ActiveCfg = Release|x64
		{7F893FF2-16FD-4E54-BA4F-BA98C36E7360}.Release|x64.Build.0 = Release|x64
		{7F893FF2-16FD-4E54-BA4F-BA98C36E7360}.Release|x86.ActiveCfg = Release|Win32
		{7F893FF2-16FD-4E54-BA4F-BA98C36E7360}.Release|x86.Build.0 = Release|Win32
		{6BC0E82F-2414-4455-A283-41A5D3F522E8}.Debug|x64.ActiveCfg = Debug|x64
		{6BC0E82F-2414-4455-A283-41A5D3F522E8}.Debug|x64.Build.0 = Debug|x64
		{6BC0E82F-2414-4455-A283-41A5D3F522E8}.Debug|x86.ActiveCfg = Debug|Win32
		{6BC0E82F-2414-4455-A283-41A5D3F522E8}.Debug|x86.Build.0 = Debug|Win32
		{6BC0E82F-2414-4455-A283-41A5D3F522E8}.Release|x64.ActiveCfg = Release|x64
		{6BC0E82F-2414-4455-A283-41A5D3F522E8}.Release|x64.Build.0 = Release|x64
		{6BC0E82F-2414-4455-A283-41A5D3F522E8}.Release|x86.ActiveCfg = Release|Win32
		{6BC0E82F-2414-4455-A283-41A5D3F522E8}.Release|x86.Build.0 = Release|Win32
		{20D52D58-A6B4-4AED-AC37-F8227DEEEBEB}.Debug|x64.ActiveCfg = Debug|x64
		{20D52D58-A6B4-4AED-AC37-F8227DEEEBEB}.Debug|x64.Build.0 = Debug|x64
		{20D52D58-A6B4-4AED-AC37-F8227DEEEBEB}.Debug|x86.ActiveCfg = Debug|Win32
		{20D52D58-A6B4-4AED-AC37-F8227DEEEBEB}.Debug|x86.Build.0 = Debug|Win32
		{20D52D58-A6B4-4AED-AC37-F8227DEEEBEB}.Release|x64.ActiveCfg = Release|x64
		{20D52D58-A6B4-4AED-AC37-F8227DEEEBEB}.Release|x64.Build.0 = Release|x64
		{20D52D58-A6B4-4AED-AC37-F8227DEEEBEB}.Release|x86.ActiveCfg = Release|Win32
		{20D52D58-A6B4-4AED-AC37-F8227DEEEBEB}.Release|x86.Build.0 = Release|Win32
	EndGlobalSection
	GlobalSection(SolutionProperties) = preSolution
		HideSolutionNode = FALSE
	EndGlobalSection
	GlobalSection(ExtensibilityGlobals) = postSolution
		SolutionGuid = {0241ACB9-B95C-428E-AA63-342A1B201052}
	EndGlobalSection
EndGlobal
